
Microsoft Visual Studio Solution File, Format Version 12.00
# Visual Studio Version 16
VisualStudioVersion = 16.0.31727.386
MinimumVisualStudioVersion = 10.0.40219.1
Project("{FAE04EC0-301F-11D3-BF4B-00C04F79EFBC}") = "CarInsuranceApprovalProgram", "CarInsuranceApprovalProgram\CarInsuranceApprovalProgram.csproj", "{EDC12F34-CC59-4722-912D-6153CCA3E0BF}"
EndProject
Global
	GlobalSection(SolutionConfigurationPlatforms) = preSolution
		Debug|Any CPU = Debug|Any CPU
		Release|Any CPU = Release|Any CPU
	EndGlobalSection
	GlobalSection(ProjectConfigurationPlatforms) = postSolution
		{EDC12F34-CC59-4722-912D-6153CCA3E0BF}.Debug|Any CPU.ActiveCfg = Debug|Any CPU
		{EDC12F34-CC59-4722-912D-6153CCA3E0BF}.Debug|Any CPU.Build.0 = Debug|Any CPU
		{EDC12F34-CC59-4722-912D-6153CCA3E0BF}.Release|Any CPU.ActiveCfg = Release|Any CPU
		{EDC12F34-CC59-4722-912D-6153CCA3E0BF}.Release|Any CPU.Build.0 = Release|Any CPU
	EndGlobalSection
	GlobalSection(SolutionProperties) = preSolution
		HideSolutionNode = FALSE
	EndGlobalSection
	GlobalSection(ExtensibilityGlobals) = postSolution
		SolutionGuid = {1474EF47-DBEC-4810-AA3E-244017CBBE78}
	EndGlobalSection
EndGlobal
